// !$*UTF8*$!
{
	archiveVersion = 1;
	classes = {
	};
	objectVersion = 51;
	objects = {

/* Begin PBXBuildFile section */
		CB607DFD242C8F62002DB7F0 /* AppDelegate.swift in Sources */ = {isa = PBXBuildFile; fileRef = CB607DFC242C8F62002DB7F0 /* AppDelegate.swift */; };
		CB607E01242C8F62002DB7F0 /* ViewController.swift in Sources */ = {isa = PBXBuildFile; fileRef = CB607E00242C8F62002DB7F0 /* ViewController.swift */; };
		CB607E06242C8F63002DB7F0 /* Assets.xcassets in Resources */ = {isa = PBXBuildFile; fileRef = CB607E05242C8F63002DB7F0 /* Assets.xcassets */; };
		CB607E09242C8F63002DB7F0 /* LaunchScreen.storyboard in Resources */ = {isa = PBXBuildFile; fileRef = CB607E07242C8F63002DB7F0 /* LaunchScreen.storyboard */; };
		CB607E66242CA86C002DB7F0 /* SCDMovingAverage.m in Sources */ = {isa = PBXBuildFile; fileRef = CB607E50242CA86C002DB7F0 /* SCDMovingAverage.m */; };
		CB607E67242CA86C002DB7F0 /* SCDRandomUtil.m in Sources */ = {isa = PBXBuildFile; fileRef = CB607E55242CA86C002DB7F0 /* SCDRandomUtil.m */; };
		CB607E68242CA86C002DB7F0 /* SCDPriceBar.m in Sources */ = {isa = PBXBuildFile; fileRef = CB607E58242CA86C002DB7F0 /* SCDPriceBar.m */; };
		CB607E69242CA86C002DB7F0 /* SCDMacdPoints.m in Sources */ = {isa = PBXBuildFile; fileRef = CB607E59242CA86C002DB7F0 /* SCDMacdPoints.m */; };
		CB607E6A242CA86C002DB7F0 /* SCDDoubleSeries.m in Sources */ = {isa = PBXBuildFile; fileRef = CB607E5A242CA86C002DB7F0 /* SCDDoubleSeries.m */; };
		CB607E6B242CA86C002DB7F0 /* SCDRandomWalkGenerator.m in Sources */ = {isa = PBXBuildFile; fileRef = CB607E5B242CA86C002DB7F0 /* SCDRandomWalkGenerator.m */; };
		CB607E6C242CA86C002DB7F0 /* SCDPriceSeries.m in Sources */ = {isa = PBXBuildFile; fileRef = CB607E5C242CA86C002DB7F0 /* SCDPriceSeries.m */; };
		CB607E6D242CA86C002DB7F0 /* SCDDataManager.m in Sources */ = {isa = PBXBuildFile; fileRef = CB607E5D242CA86C002DB7F0 /* SCDDataManager.m */; };
		CB607E6E242CA86C002DB7F0 /* SCDRandomPricesDataSource.m in Sources */ = {isa = PBXBuildFile; fileRef = CB607E5F242CA86C002DB7F0 /* SCDRandomPricesDataSource.m */; };
		CB607E6F242CA86C002DB7F0 /* SCDRadix2FFT.m in Sources */ = {isa = PBXBuildFile; fileRef = CB607E62242CA86C002DB7F0 /* SCDRadix2FFT.m */; };
		CB607E70242CA86C002DB7F0 /* SCDMarketDataService.m in Sources */ = {isa = PBXBuildFile; fileRef = CB607E63242CA86C002DB7F0 /* SCDMarketDataService.m */; };
		CB607E71242CA86C002DB7F0 /* SCDTradeData.m in Sources */ = {isa = PBXBuildFile; fileRef = CB607E65242CA86C002DB7F0 /* SCDTradeData.m */; };
		CB607E79242CADA9002DB7F0 /* EURUSD_Daily.csv in Resources */ = {isa = PBXBuildFile; fileRef = CB607E74242CADA9002DB7F0 /* EURUSD_Daily.csv */; };
		CB607E7A242CADA9002DB7F0 /* WaveformData.txt in Resources */ = {isa = PBXBuildFile; fileRef = CB607E75242CADA9002DB7F0 /* WaveformData.txt */; };
		CB607E7B242CADA9002DB7F0 /* TradeTicks.csv in Resources */ = {isa = PBXBuildFile; fileRef = CB607E76242CADA9002DB7F0 /* TradeTicks.csv */; };
		CB607E7C242CADA9002DB7F0 /* FourierTransform.txt in Resources */ = {isa = PBXBuildFile; fileRef = CB607E77242CADA9002DB7F0 /* FourierTransform.txt */; };
		CB607E7D242CADA9002DB7F0 /* INDU_Daily.csv in Resources */ = {isa = PBXBuildFile; fileRef = CB607E78242CADA9002DB7F0 /* INDU_Daily.csv */; };
		CB607E7F242CEA35002DB7F0 /* CandleAxisSeriesInfoProvider.swift in Sources */ = {isa = PBXBuildFile; fileRef = CB607E7E242CEA35002DB7F0 /* CandleAxisSeriesInfoProvider.swift */; };
		CB607E81242CEA8D002DB7F0 /* CustomLabelFormatter.swift in Sources */ = {isa = PBXBuildFile; fileRef = CB607E80242CEA8D002DB7F0 /* CustomLabelFormatter.swift */; };
		CB607E83242CEAD0002DB7F0 /* SCIGestureModifier.swift in Sources */ = {isa = PBXBuildFile; fileRef = CB607E82242CEAD0002DB7F0 /* SCIGestureModifier.swift */; };
		D35A94F8FBF3DE8EBE72520B /* Pods_SciChartTest.framework in Frameworks */ = {isa = PBXBuildFile; fileRef = B20B84748520E1B03A8960E5 /* Pods_SciChartTest.framework */; };
/* End PBXBuildFile section */

/* Begin PBXFileReference section */
		4C0F9C993237144F9965EE69 /* Pods-SciChartTest.release.xcconfig */ = {isa = PBXFileReference; includeInIndex = 1; lastKnownFileType = text.xcconfig; name = "Pods-SciChartTest.release.xcconfig"; path = "Target Support Files/Pods-SciChartTest/Pods-SciChartTest.release.xcconfig"; sourceTree = "<group>"; };
		88B6A93C28275129D3D99561 /* Pods-SciChartTest.debug.xcconfig */ = {isa = PBXFileReference; includeInIndex = 1; lastKnownFileType = text.xcconfig; name = "Pods-SciChartTest.debug.xcconfig"; path = "Target Support Files/Pods-SciChartTest/Pods-SciChartTest.debug.xcconfig"; sourceTree = "<group>"; };
		B20B84748520E1B03A8960E5 /* Pods_SciChartTest.framework */ = {isa = PBXFileReference; explicitFileType = wrapper.framework; includeInIndex = 0; path = Pods_SciChartTest.framework; sourceTree = BUILT_PRODUCTS_DIR; };
		CB607DF9242C8F62002DB7F0 /* SciChartTest.app */ = {isa = PBXFileReference; explicitFileType = wrapper.application; includeInIndex = 0; path = SciChartTest.app; sourceTree = BUILT_PRODUCTS_DIR; };
		CB607DFC242C8F62002DB7F0 /* AppDelegate.swift */ = {isa = PBXFileReference; lastKnownFileType = sourcecode.swift; path = AppDelegate.swift; sourceTree = "<group>"; };
		CB607E00242C8F62002DB7F0 /* ViewController.swift */ = {isa = PBXFileReference; lastKnownFileType = sourcecode.swift; path = ViewController.swift; sourceTree = "<group>"; };
		CB607E05242C8F63002DB7F0 /* Assets.xcassets */ = {isa = PBXFileReference; lastKnownFileType = folder.assetcatalog; path = Assets.xcassets; sourceTree = "<group>"; };
		CB607E08242C8F63002DB7F0 /* Base */ = {isa = PBXFileReference; lastKnownFileType = file.storyboard; name = Base; path = Base.lproj/LaunchScreen.storyboard; sourceTree = "<group>"; };
		CB607E0A242C8F63002DB7F0 /* Info.plist */ = {isa = PBXFileReference; lastKnownFileType = text.plist.xml; path = Info.plist; sourceTree = "<group>"; };
		CB607E4C242CA792002DB7F0 /* Bridging-Header.h */ = {isa = PBXFileReference; lastKnownFileType = sourcecode.c.h; path = "Bridging-Header.h"; sourceTree = "<group>"; };
		CB607E4E242CA86C002DB7F0 /* SCDRandomWalkGenerator.h */ = {isa = PBXFileReference; fileEncoding = 4; lastKnownFileType = sourcecode.c.h; name = SCDRandomWalkGenerator.h; path = ../SCDRandomWalkGenerator.h; sourceTree = "<group>"; };
		CB607E4F242CA86C002DB7F0 /* SCDDoubleSeries.h */ = {isa = PBXFileReference; fileEncoding = 4; lastKnownFileType = sourcecode.c.h; name = SCDDoubleSeries.h; path = ../SCDDoubleSeries.h; sourceTree = "<group>"; };
		CB607E50242CA86C002DB7F0 /* SCDMovingAverage.m */ = {isa = PBXFileReference; fileEncoding = 4; lastKnownFileType = sourcecode.c.objc; name = SCDMovingAverage.m; path = ../SCDMovingAverage.m; sourceTree = "<group>"; };
		CB607E51242CA86C002DB7F0 /* SCDDataManager.h */ = {isa = PBXFileReference; fileEncoding = 4; lastKnownFileType = sourcecode.c.h; name = SCDDataManager.h; path = ../SCDDataManager.h; sourceTree = "<group>"; };
		CB607E52242CA86C002DB7F0 /* SCDPriceSeries.h */ = {isa = PBXFileReference; fileEncoding = 4; lastKnownFileType = sourcecode.c.h; name = SCDPriceSeries.h; path = ../SCDPriceSeries.h; sourceTree = "<group>"; };
		CB607E53242CA86C002DB7F0 /* SCDRandomPricesDataSource.h */ = {isa = PBXFileReference; fileEncoding = 4; lastKnownFileType = sourcecode.c.h; name = SCDRandomPricesDataSource.h; path = ../SCDRandomPricesDataSource.h; sourceTree = "<group>"; };
		CB607E54242CA86C002DB7F0 /* SCDTradeData.h */ = {isa = PBXFileReference; fileEncoding = 4; lastKnownFileType = sourcecode.c.h; name = SCDTradeData.h; path = ../SCDTradeData.h; sourceTree = "<group>"; };
		CB607E55242CA86C002DB7F0 /* SCDRandomUtil.m */ = {isa = PBXFileReference; fileEncoding = 4; lastKnownFileType = sourcecode.c.objc; name = SCDRandomUtil.m; path = ../SCDRandomUtil.m; sourceTree = "<group>"; };
		CB607E56242CA86C002DB7F0 /* SCDMarketDataService.h */ = {isa = PBXFileReference; fileEncoding = 4; lastKnownFileType = sourcecode.c.h; name = SCDMarketDataService.h; path = ../SCDMarketDataService.h; sourceTree = "<group>"; };
		CB607E57242CA86C002DB7F0 /* SCDRadix2FFT.h */ = {isa = PBXFileReference; fileEncoding = 4; lastKnownFileType = sourcecode.c.h; name = SCDRadix2FFT.h; path = ../SCDRadix2FFT.h; sourceTree = "<group>"; };
		CB607E58242CA86C002DB7F0 /* SCDPriceBar.m */ = {isa = PBXFileReference; fileEncoding = 4; lastKnownFileType = sourcecode.c.objc; name = SCDPriceBar.m; path = ../SCDPriceBar.m; sourceTree = "<group>"; };
		CB607E59242CA86C002DB7F0 /* SCDMacdPoints.m */ = {isa = PBXFileReference; fileEncoding = 4; lastKnownFileType = sourcecode.c.objc; name = SCDMacdPoints.m; path = ../SCDMacdPoints.m; sourceTree = "<group>"; };
		CB607E5A242CA86C002DB7F0 /* SCDDoubleSeries.m */ = {isa = PBXFileReference; fileEncoding = 4; lastKnownFileType = sourcecode.c.objc; name = SCDDoubleSeries.m; path = ../SCDDoubleSeries.m; sourceTree = "<group>"; };
		CB607E5B242CA86C002DB7F0 /* SCDRandomWalkGenerator.m */ = {isa = PBXFileReference; fileEncoding = 4; lastKnownFileType = sourcecode.c.objc; name = SCDRandomWalkGenerator.m; path = ../SCDRandomWalkGenerator.m; sourceTree = "<group>"; };
		CB607E5C242CA86C002DB7F0 /* SCDPriceSeries.m */ = {isa = PBXFileReference; fileEncoding = 4; lastKnownFileType = sourcecode.c.objc; name = SCDPriceSeries.m; path = ../SCDPriceSeries.m; sourceTree = "<group>"; };
		CB607E5D242CA86C002DB7F0 /* SCDDataManager.m */ = {isa = PBXFileReference; fileEncoding = 4; lastKnownFileType = sourcecode.c.objc; name = SCDDataManager.m; path = ../SCDDataManager.m; sourceTree = "<group>"; };
		CB607E5E242CA86C002DB7F0 /* SCDMovingAverage.h */ = {isa = PBXFileReference; fileEncoding = 4; lastKnownFileType = sourcecode.c.h; name = SCDMovingAverage.h; path = ../SCDMovingAverage.h; sourceTree = "<group>"; };
		CB607E5F242CA86C002DB7F0 /* SCDRandomPricesDataSource.m */ = {isa = PBXFileReference; fileEncoding = 4; lastKnownFileType = sourcecode.c.objc; name = SCDRandomPricesDataSource.m; path = ../SCDRandomPricesDataSource.m; sourceTree = "<group>"; };
		CB607E60242CA86C002DB7F0 /* SCDMacdPoints.h */ = {isa = PBXFileReference; fileEncoding = 4; lastKnownFileType = sourcecode.c.h; name = SCDMacdPoints.h; path = ../SCDMacdPoints.h; sourceTree = "<group>"; };
		CB607E61242CA86C002DB7F0 /* SCDPriceBar.h */ = {isa = PBXFileReference; fileEncoding = 4; lastKnownFileType = sourcecode.c.h; name = SCDPriceBar.h; path = ../SCDPriceBar.h; sourceTree = "<group>"; };
		CB607E62242CA86C002DB7F0 /* SCDRadix2FFT.m */ = {isa = PBXFileReference; fileEncoding = 4; lastKnownFileType = sourcecode.c.objc; name = SCDRadix2FFT.m; path = ../SCDRadix2FFT.m; sourceTree = "<group>"; };
		CB607E63242CA86C002DB7F0 /* SCDMarketDataService.m */ = {isa = PBXFileReference; fileEncoding = 4; lastKnownFileType = sourcecode.c.objc; name = SCDMarketDataService.m; path = ../SCDMarketDataService.m; sourceTree = "<group>"; };
		CB607E64242CA86C002DB7F0 /* SCDRandomUtil.h */ = {isa = PBXFileReference; fileEncoding = 4; lastKnownFileType = sourcecode.c.h; name = SCDRandomUtil.h; path = ../SCDRandomUtil.h; sourceTree = "<group>"; };
		CB607E65242CA86C002DB7F0 /* SCDTradeData.m */ = {isa = PBXFileReference; fileEncoding = 4; lastKnownFileType = sourcecode.c.objc; name = SCDTradeData.m; path = ../SCDTradeData.m; sourceTree = "<group>"; };
		CB607E74242CADA9002DB7F0 /* EURUSD_Daily.csv */ = {isa = PBXFileReference; fileEncoding = 4; lastKnownFileType = text; path = EURUSD_Daily.csv; sourceTree = "<group>"; };
		CB607E75242CADA9002DB7F0 /* WaveformData.txt */ = {isa = PBXFileReference; fileEncoding = 4; lastKnownFileType = text; path = WaveformData.txt; sourceTree = "<group>"; };
		CB607E76242CADA9002DB7F0 /* TradeTicks.csv */ = {isa = PBXFileReference; fileEncoding = 4; lastKnownFileType = text; path = TradeTicks.csv; sourceTree = "<group>"; };
		CB607E77242CADA9002DB7F0 /* FourierTransform.txt */ = {isa = PBXFileReference; fileEncoding = 4; lastKnownFileType = text; path = FourierTransform.txt; sourceTree = "<group>"; };
		CB607E78242CADA9002DB7F0 /* INDU_Daily.csv */ = {isa = PBXFileReference; fileEncoding = 4; lastKnownFileType = text; path = INDU_Daily.csv; sourceTree = "<group>"; };
		CB607E7E242CEA35002DB7F0 /* CandleAxisSeriesInfoProvider.swift */ = {isa = PBXFileReference; lastKnownFileType = sourcecode.swift; path = CandleAxisSeriesInfoProvider.swift; sourceTree = "<group>"; };
		CB607E80242CEA8D002DB7F0 /* CustomLabelFormatter.swift */ = {isa = PBXFileReference; lastKnownFileType = sourcecode.swift; path = CustomLabelFormatter.swift; sourceTree = "<group>"; };
		CB607E82242CEAD0002DB7F0 /* SCIGestureModifier.swift */ = {isa = PBXFileReference; lastKnownFileType = sourcecode.swift; path = SCIGestureModifier.swift; sourceTree = "<group>"; };
/* End PBXFileReference section */

/* Begin PBXFrameworksBuildPhase section */
		CB607DF6242C8F62002DB7F0 /* Frameworks */ = {
			isa = PBXFrameworksBuildPhase;
			buildActionMask = 2147483647;
			files = (
				D35A94F8FBF3DE8EBE72520B /* Pods_SciChartTest.framework in Frameworks */,
			);
			runOnlyForDeploymentPostprocessing = 0;
		};
/* End PBXFrameworksBuildPhase section */

/* Begin PBXGroup section */
		CB607DF0242C8F62002DB7F0 = {
			isa = PBXGroup;
			children = (
				CB607DFB242C8F62002DB7F0 /* SciChartTest */,
				CB607DFA242C8F62002DB7F0 /* Products */,
				E64164660F6CAAE30CEC92C5 /* Pods */,
				D7BDC081C07CC97F3B484EC7 /* Frameworks */,
			);
			sourceTree = "<group>";
		};
		CB607DFA242C8F62002DB7F0 /* Products */ = {
			isa = PBXGroup;
			children = (
				CB607DF9242C8F62002DB7F0 /* SciChartTest.app */,
			);
			name = Products;
			sourceTree = "<group>";
		};
		CB607DFB242C8F62002DB7F0 /* SciChartTest */ = {
			isa = PBXGroup;
			children = (
				CB607E72242CADA9002DB7F0 /* Resources */,
				CB607E4D242CA86C002DB7F0 /* DataGenerator */,
				CB607DFC242C8F62002DB7F0 /* AppDelegate.swift */,
				CB607E00242C8F62002DB7F0 /* ViewController.swift */,
				CB607E07242C8F63002DB7F0 /* LaunchScreen.storyboard */,
				CB607E7E242CEA35002DB7F0 /* CandleAxisSeriesInfoProvider.swift */,
				CB607E80242CEA8D002DB7F0 /* CustomLabelFormatter.swift */,
				CB607E82242CEAD0002DB7F0 /* SCIGestureModifier.swift */,
			);
			path = SciChartTest;
			sourceTree = "<group>";
		};
		CB607E4D242CA86C002DB7F0 /* DataGenerator */ = {
			isa = PBXGroup;
			children = (
				CB607E87242CF6A2002DB7F0 /* SCDRandomWalkGenerator */,
				CB607E88242CF6AE002DB7F0 /* SCDDoubleSeries */,
				CB607E89242CF6B8002DB7F0 /* SCDMovingAverage */,
				CB607E8A242CF6C2002DB7F0 /* SCDDataManager */,
				CB607E8B242CF6CC002DB7F0 /* SCDPriceSeries */,
				CB607E84242CF581002DB7F0 /* SCDRandomPricesDataSource */,
				CB607E85242CF58B002DB7F0 /* SCDMarketDataService */,
				CB607E8C242CF6DB002DB7F0 /* SCDTradeData */,
				CB607E8D242CF751002DB7F0 /* SCDRandomUtil */,
				CB607E8E242CF75A002DB7F0 /* SCDRadix2FFT */,
				CB607E86242CF68A002DB7F0 /* SCDPriceBar */,
				CB607E91242CF9B5002DB7F0 /* SCDMacdPoints */,
			);
			path = DataGenerator;
			sourceTree = "<group>";
		};
		CB607E72242CADA9002DB7F0 /* Resources */ = {
			isa = PBXGroup;
			children = (
				CB607E05242C8F63002DB7F0 /* Assets.xcassets */,
				CB607E0A242C8F63002DB7F0 /* Info.plist */,
				CB607E4C242CA792002DB7F0 /* Bridging-Header.h */,
				CB607E73242CADA9002DB7F0 /* Data */,
			);
			path = Resources;
			sourceTree = "<group>";
		};
		CB607E73242CADA9002DB7F0 /* Data */ = {
			isa = PBXGroup;
			children = (
				CB607E74242CADA9002DB7F0 /* EURUSD_Daily.csv */,
				CB607E75242CADA9002DB7F0 /* WaveformData.txt */,
				CB607E76242CADA9002DB7F0 /* TradeTicks.csv */,
				CB607E77242CADA9002DB7F0 /* FourierTransform.txt */,
				CB607E78242CADA9002DB7F0 /* INDU_Daily.csv */,
			);
			path = Data;
			sourceTree = "<group>";
		};
		CB607E84242CF581002DB7F0 /* SCDRandomPricesDataSource */ = {
			isa = PBXGroup;
			children = (
				CB607E53242CA86C002DB7F0 /* SCDRandomPricesDataSource.h */,
				CB607E5F242CA86C002DB7F0 /* SCDRandomPricesDataSource.m */,
			);
			path = SCDRandomPricesDataSource;
			sourceTree = "<group>";
		};
		CB607E85242CF58B002DB7F0 /* SCDMarketDataService */ = {
			isa = PBXGroup;
			children = (
				CB607E56242CA86C002DB7F0 /* SCDMarketDataService.h */,
				CB607E63242CA86C002DB7F0 /* SCDMarketDataService.m */,
			);
			path = SCDMarketDataService;
			sourceTree = "<group>";
		};
		CB607E86242CF68A002DB7F0 /* SCDPriceBar */ = {
			isa = PBXGroup;
			children = (
				CB607E58242CA86C002DB7F0 /* SCDPriceBar.m */,
				CB607E61242CA86C002DB7F0 /* SCDPriceBar.h */,
			);
			path = SCDPriceBar;
			sourceTree = "<group>";
		};
		CB607E87242CF6A2002DB7F0 /* SCDRandomWalkGenerator */ = {
			isa = PBXGroup;
			children = (
				CB607E4E242CA86C002DB7F0 /* SCDRandomWalkGenerator.h */,
				CB607E5B242CA86C002DB7F0 /* SCDRandomWalkGenerator.m */,
			);
			path = SCDRandomWalkGenerator;
			sourceTree = "<group>";
		};
		CB607E88242CF6AE002DB7F0 /* SCDDoubleSeries */ = {
			isa = PBXGroup;
			children = (
				CB607E4F242CA86C002DB7F0 /* SCDDoubleSeries.h */,
				CB607E5A242CA86C002DB7F0 /* SCDDoubleSeries.m */,
			);
			path = SCDDoubleSeries;
			sourceTree = "<group>";
		};
		CB607E89242CF6B8002DB7F0 /* SCDMovingAverage */ = {
			isa = PBXGroup;
			children = (
				CB607E50242CA86C002DB7F0 /* SCDMovingAverage.m */,
				CB607E5E242CA86C002DB7F0 /* SCDMovingAverage.h */,
			);
			path = SCDMovingAverage;
			sourceTree = "<group>";
		};
		CB607E8A242CF6C2002DB7F0 /* SCDDataManager */ = {
			isa = PBXGroup;
			children = (
				CB607E51242CA86C002DB7F0 /* SCDDataManager.h */,
				CB607E5D242CA86C002DB7F0 /* SCDDataManager.m */,
			);
			path = SCDDataManager;
			sourceTree = "<group>";
		};
		CB607E8B242CF6CC002DB7F0 /* SCDPriceSeries */ = {
			isa = PBXGroup;
			children = (
				CB607E52242CA86C002DB7F0 /* SCDPriceSeries.h */,
				CB607E5C242CA86C002DB7F0 /* SCDPriceSeries.m */,
			);
			path = SCDPriceSeries;
			sourceTree = "<group>";
		};
		CB607E8C242CF6DB002DB7F0 /* SCDTradeData */ = {
			isa = PBXGroup;
			children = (
				CB607E54242CA86C002DB7F0 /* SCDTradeData.h */,
				CB607E65242CA86C002DB7F0 /* SCDTradeData.m */,
			);
			path = SCDTradeData;
			sourceTree = "<group>";
		};
		CB607E8D242CF751002DB7F0 /* SCDRandomUtil */ = {
			isa = PBXGroup;
			children = (
				CB607E55242CA86C002DB7F0 /* SCDRandomUtil.m */,
				CB607E64242CA86C002DB7F0 /* SCDRandomUtil.h */,
			);
			path = SCDRandomUtil;
			sourceTree = "<group>";
		};
		CB607E8E242CF75A002DB7F0 /* SCDRadix2FFT */ = {
			isa = PBXGroup;
			children = (
				CB607E57242CA86C002DB7F0 /* SCDRadix2FFT.h */,
				CB607E62242CA86C002DB7F0 /* SCDRadix2FFT.m */,
			);
			path = SCDRadix2FFT;
			sourceTree = "<group>";
		};
		CB607E91242CF9B5002DB7F0 /* SCDMacdPoints */ = {
			isa = PBXGroup;
			children = (
				CB607E59242CA86C002DB7F0 /* SCDMacdPoints.m */,
				CB607E60242CA86C002DB7F0 /* SCDMacdPoints.h */,
			);
			path = SCDMacdPoints;
			sourceTree = "<group>";
		};
		D7BDC081C07CC97F3B484EC7 /* Frameworks */ = {
			isa = PBXGroup;
			children = (
				B20B84748520E1B03A8960E5 /* Pods_SciChartTest.framework */,
			);
			name = Frameworks;
			sourceTree = "<group>";
		};
		E64164660F6CAAE30CEC92C5 /* Pods */ = {
			isa = PBXGroup;
			children = (
				88B6A93C28275129D3D99561 /* Pods-SciChartTest.debug.xcconfig */,
				4C0F9C993237144F9965EE69 /* Pods-SciChartTest.release.xcconfig */,
			);
			path = Pods;
			sourceTree = "<group>";
		};
/* End PBXGroup section */

/* Begin PBXNativeTarget section */
		CB607DF8242C8F62002DB7F0 /* SciChartTest */ = {
			isa = PBXNativeTarget;
			buildConfigurationList = CB607E0D242C8F63002DB7F0 /* Build configuration list for PBXNativeTarget "SciChartTest" */;
			buildPhases = (
				C984B52655C30770AE56D62F /* [CP] Check Pods Manifest.lock */,
				CB607DF5242C8F62002DB7F0 /* Sources */,
				CB607DF6242C8F62002DB7F0 /* Frameworks */,
				CB607DF7242C8F62002DB7F0 /* Resources */,
				E4B692EB6F322C0EB35CDEDB /* [CP] Embed Pods Frameworks */,
			);
			buildRules = (
			);
			dependencies = (
			);
			name = SciChartTest;
			productName = SciChartTest;
			productReference = CB607DF9242C8F62002DB7F0 /* SciChartTest.app */;
			productType = "com.apple.product-type.application";
		};
/* End PBXNativeTarget section */

/* Begin PBXProject section */
		CB607DF1242C8F62002DB7F0 /* Project object */ = {
			isa = PBXProject;
			attributes = {
				LastSwiftUpdateCheck = 1130;
				LastUpgradeCheck = 1130;
				ORGANIZATIONNAME = charttest;
				TargetAttributes = {
					CB607DF8242C8F62002DB7F0 = {
						CreatedOnToolsVersion = 11.3.1;
					};
				};
			};
			buildConfigurationList = CB607DF4242C8F62002DB7F0 /* Build configuration list for PBXProject "SciChartTest" */;
			compatibilityVersion = "Xcode 9.3";
			developmentRegion = en;
			hasScannedForEncodings = 0;
			knownRegions = (
				en,
				Base,
			);
			mainGroup = CB607DF0242C8F62002DB7F0;
			productRefGroup = CB607DFA242C8F62002DB7F0 /* Products */;
			projectDirPath = "";
			projectRoot = "";
			targets = (
				CB607DF8242C8F62002DB7F0 /* SciChartTest */,
			);
		};
/* End PBXProject section */

/* Begin PBXResourcesBuildPhase section */
		CB607DF7242C8F62002DB7F0 /* Resources */ = {
			isa = PBXResourcesBuildPhase;
			buildActionMask = 2147483647;
			files = (
				CB607E79242CADA9002DB7F0 /* EURUSD_Daily.csv in Resources */,
				CB607E7C242CADA9002DB7F0 /* FourierTransform.txt in Resources */,
				CB607E09242C8F63002DB7F0 /* LaunchScreen.storyboard in Resources */,
				CB607E7B242CADA9002DB7F0 /* TradeTicks.csv in Resources */,
				CB607E7D242CADA9002DB7F0 /* INDU_Daily.csv in Resources */,
				CB607E06242C8F63002DB7F0 /* Assets.xcassets in Resources */,
				CB607E7A242CADA9002DB7F0 /* WaveformData.txt in Resources */,
			);
			runOnlyForDeploymentPostprocessing = 0;
		};
/* End PBXResourcesBuildPhase section */

/* Begin PBXShellScriptBuildPhase section */
		C984B52655C30770AE56D62F /* [CP] Check Pods Manifest.lock */ = {
			isa = PBXShellScriptBuildPhase;
			buildActionMask = 2147483647;
			files = (
			);
			inputFileListPaths = (
			);
			inputPaths = (
				"${PODS_PODFILE_DIR_PATH}/Podfile.lock",
				"${PODS_ROOT}/Manifest.lock",
			);
			name = "[CP] Check Pods Manifest.lock";
			outputFileListPaths = (
			);
			outputPaths = (
				"$(DERIVED_FILE_DIR)/Pods-SciChartTest-checkManifestLockResult.txt",
			);
			runOnlyForDeploymentPostprocessing = 0;
			shellPath = /bin/sh;
			shellScript = "diff \"${PODS_PODFILE_DIR_PATH}/Podfile.lock\" \"${PODS_ROOT}/Manifest.lock\" > /dev/null\nif [ $? != 0 ] ; then\n    # print error to STDERR\n    echo \"error: The sandbox is not in sync with the Podfile.lock. Run 'pod install' or update your CocoaPods installation.\" >&2\n    exit 1\nfi\n# This output is used by Xcode 'outputs' to avoid re-running this script phase.\necho \"SUCCESS\" > \"${SCRIPT_OUTPUT_FILE_0}\"\n";
			showEnvVarsInLog = 0;
		};
		E4B692EB6F322C0EB35CDEDB /* [CP] Embed Pods Frameworks */ = {
			isa = PBXShellScriptBuildPhase;
			buildActionMask = 2147483647;
			files = (
			);
			inputFileListPaths = (
				"${PODS_ROOT}/Target Support Files/Pods-SciChartTest/Pods-SciChartTest-frameworks-${CONFIGURATION}-input-files.xcfilelist",
			);
			name = "[CP] Embed Pods Frameworks";
			outputFileListPaths = (
				"${PODS_ROOT}/Target Support Files/Pods-SciChartTest/Pods-SciChartTest-frameworks-${CONFIGURATION}-output-files.xcfilelist",
			);
			runOnlyForDeploymentPostprocessing = 0;
			shellPath = /bin/sh;
			shellScript = "\"${PODS_ROOT}/Target Support Files/Pods-SciChartTest/Pods-SciChartTest-frameworks.sh\"\n";
			showEnvVarsInLog = 0;
		};
/* End PBXShellScriptBuildPhase section */

/* Begin PBXSourcesBuildPhase section */
		CB607DF5242C8F62002DB7F0 /* Sources */ = {
			isa = PBXSourcesBuildPhase;
			buildActionMask = 2147483647;
			files = (
				CB607E01242C8F62002DB7F0 /* ViewController.swift in Sources */,
				CB607E6D242CA86C002DB7F0 /* SCDDataManager.m in Sources */,
				CB607DFD242C8F62002DB7F0 /* AppDelegate.swift in Sources */,
				CB607E6E242CA86C002DB7F0 /* SCDRandomPricesDataSource.m in Sources */,
				CB607E81242CEA8D002DB7F0 /* CustomLabelFormatter.swift in Sources */,
				CB607E6C242CA86C002DB7F0 /* SCDPriceSeries.m in Sources */,
				CB607E6A242CA86C002DB7F0 /* SCDDoubleSeries.m in Sources */,
				CB607E67242CA86C002DB7F0 /* SCDRandomUtil.m in Sources */,
				CB607E69242CA86C002DB7F0 /* SCDMacdPoints.m in Sources */,
				CB607E7F242CEA35002DB7F0 /* CandleAxisSeriesInfoProvider.swift in Sources */,
				CB607E6B242CA86C002DB7F0 /* SCDRandomWalkGenerator.m in Sources */,
				CB607E71242CA86C002DB7F0 /* SCDTradeData.m in Sources */,
				CB607E66242CA86C002DB7F0 /* SCDMovingAverage.m in Sources */,
				CB607E68242CA86C002DB7F0 /* SCDPriceBar.m in Sources */,
				CB607E83242CEAD0002DB7F0 /* SCIGestureModifier.swift in Sources */,
				CB607E6F242CA86C002DB7F0 /* SCDRadix2FFT.m in Sources */,
				CB607E70242CA86C002DB7F0 /* SCDMarketDataService.m in Sources */,
			);
			runOnlyForDeploymentPostprocessing = 0;
		};
/* End PBXSourcesBuildPhase section */

/* Begin PBXVariantGroup section */
		CB607E07242C8F63002DB7F0 /* LaunchScreen.storyboard */ = {
			isa = PBXVariantGroup;
			children = (
				CB607E08242C8F63002DB7F0 /* Base */,
			);
			name = LaunchScreen.storyboard;
			sourceTree = "<group>";
		};
/* End PBXVariantGroup section */

/* Begin XCBuildConfiguration section */
		CB607E0B242C8F63002DB7F0 /* Debug */ = {
			isa = XCBuildConfiguration;
			buildSettings = {
				ALWAYS_SEARCH_USER_PATHS = NO;
				CLANG_ANALYZER_NONNULL = YES;
				CLANG_ANALYZER_NUMBER_OBJECT_CONVERSION = YES_AGGRESSIVE;
				CLANG_CXX_LANGUAGE_STANDARD = "gnu++14";
				CLANG_CXX_LIBRARY = "libc++";
				CLANG_ENABLE_MODULES = YES;
				CLANG_ENABLE_OBJC_ARC = YES;
				CLANG_ENABLE_OBJC_WEAK = YES;
				CLANG_WARN_BLOCK_CAPTURE_AUTORELEASING = YES;
				CLANG_WARN_BOOL_CONVERSION = YES;
				CLANG_WARN_COMMA = YES;
				CLANG_WARN_CONSTANT_CONVERSION = YES;
				CLANG_WARN_DEPRECATED_OBJC_IMPLEMENTATIONS = YES;
				CLANG_WARN_DIRECT_OBJC_ISA_USAGE = YES_ERROR;
				CLANG_WARN_DOCUMENTATION_COMMENTS = YES;
				CLANG_WARN_EMPTY_BODY = YES;
				CLANG_WARN_ENUM_CONVERSION = YES;
				CLANG_WARN_INFINITE_RECURSION = YES;
				CLANG_WARN_INT_CONVERSION = YES;
				CLANG_WARN_NON_LITERAL_NULL_CONVERSION = YES;
				CLANG_WARN_OBJC_IMPLICIT_RETAIN_SELF = YES;
				CLANG_WARN_OBJC_LITERAL_CONVERSION = YES;
				CLANG_WARN_OBJC_ROOT_CLASS = YES_ERROR;
				CLANG_WARN_RANGE_LOOP_ANALYSIS = YES;
				CLANG_WARN_STRICT_PROTOTYPES = YES;
				CLANG_WARN_SUSPICIOUS_MOVE = YES;
				CLANG_WARN_UNGUARDED_AVAILABILITY = YES_AGGRESSIVE;
				CLANG_WARN_UNREACHABLE_CODE = YES;
				CLANG_WARN__DUPLICATE_METHOD_MATCH = YES;
				COPY_PHASE_STRIP = NO;
				DEBUG_INFORMATION_FORMAT = dwarf;
				ENABLE_STRICT_OBJC_MSGSEND = YES;
				ENABLE_TESTABILITY = YES;
				GCC_C_LANGUAGE_STANDARD = gnu11;
				GCC_DYNAMIC_NO_PIC = NO;
				GCC_NO_COMMON_BLOCKS = YES;
				GCC_OPTIMIZATION_LEVEL = 0;
				GCC_PREPROCESSOR_DEFINITIONS = (
					"DEBUG=1",
					"$(inherited)",
				);
				GCC_WARN_64_TO_32_BIT_CONVERSION = YES;
				GCC_WARN_ABOUT_RETURN_TYPE = YES_ERROR;
				GCC_WARN_UNDECLARED_SELECTOR = YES;
				GCC_WARN_UNINITIALIZED_AUTOS = YES_AGGRESSIVE;
				GCC_WARN_UNUSED_FUNCTION = YES;
				GCC_WARN_UNUSED_VARIABLE = YES;
				IPHONEOS_DEPLOYMENT_TARGET = 13.2;
				MTL_ENABLE_DEBUG_INFO = INCLUDE_SOURCE;
				MTL_FAST_MATH = YES;
				ONLY_ACTIVE_ARCH = YES;
				SDKROOT = iphoneos;
				SWIFT_ACTIVE_COMPILATION_CONDITIONS = DEBUG;
				SWIFT_OPTIMIZATION_LEVEL = "-Onone";
			};
			name = Debug;
		};
		CB607E0C242C8F63002DB7F0 /* Release */ = {
			isa = XCBuildConfiguration;
			buildSettings = {
				ALWAYS_SEARCH_USER_PATHS = NO;
				CLANG_ANALYZER_NONNULL = YES;
				CLANG_ANALYZER_NUMBER_OBJECT_CONVERSION = YES_AGGRESSIVE;
				CLANG_CXX_LANGUAGE_STANDARD = "gnu++14";
				CLANG_CXX_LIBRARY = "libc++";
				CLANG_ENABLE_MODULES = YES;
				CLANG_ENABLE_OBJC_ARC = YES;
				CLANG_ENABLE_OBJC_WEAK = YES;
				CLANG_WARN_BLOCK_CAPTURE_AUTORELEASING = YES;
				CLANG_WARN_BOOL_CONVERSION = YES;
				CLANG_WARN_COMMA = YES;
				CLANG_WARN_CONSTANT_CONVERSION = YES;
				CLANG_WARN_DEPRECATED_OBJC_IMPLEMENTATIONS = YES;
				CLANG_WARN_DIRECT_OBJC_ISA_USAGE = YES_ERROR;
				CLANG_WARN_DOCUMENTATION_COMMENTS = YES;
				CLANG_WARN_EMPTY_BODY = YES;
				CLANG_WARN_ENUM_CONVERSION = YES;
				CLANG_WARN_INFINITE_RECURSION = YES;
				CLANG_WARN_INT_CONVERSION = YES;
				CLANG_WARN_NON_LITERAL_NULL_CONVERSION = YES;
				CLANG_WARN_OBJC_IMPLICIT_RETAIN_SELF = YES;
				CLANG_WARN_OBJC_LITERAL_CONVERSION = YES;
				CLANG_WARN_OBJC_ROOT_CLASS = YES_ERROR;
				CLANG_WARN_RANGE_LOOP_ANALYSIS = YES;
				CLANG_WARN_STRICT_PROTOTYPES = YES;
				CLANG_WARN_SUSPICIOUS_MOVE = YES;
				CLANG_WARN_UNGUARDED_AVAILABILITY = YES_AGGRESSIVE;
				CLANG_WARN_UNREACHABLE_CODE = YES;
				CLANG_WARN__DUPLICATE_METHOD_MATCH = YES;
				COPY_PHASE_STRIP = NO;
				DEBUG_INFORMATION_FORMAT = "dwarf-with-dsym";
				ENABLE_NS_ASSERTIONS = NO;
				ENABLE_STRICT_OBJC_MSGSEND = YES;
				GCC_C_LANGUAGE_STANDARD = gnu11;
				GCC_NO_COMMON_BLOCKS = YES;
				GCC_WARN_64_TO_32_BIT_CONVERSION = YES;
				GCC_WARN_ABOUT_RETURN_TYPE = YES_ERROR;
				GCC_WARN_UNDECLARED_SELECTOR = YES;
				GCC_WARN_UNINITIALIZED_AUTOS = YES_AGGRESSIVE;
				GCC_WARN_UNUSED_FUNCTION = YES;
				GCC_WARN_UNUSED_VARIABLE = YES;
				IPHONEOS_DEPLOYMENT_TARGET = 13.2;
				MTL_ENABLE_DEBUG_INFO = NO;
				MTL_FAST_MATH = YES;
				SDKROOT = iphoneos;
				SWIFT_COMPILATION_MODE = wholemodule;
				SWIFT_OPTIMIZATION_LEVEL = "-O";
				VALIDATE_PRODUCT = YES;
			};
			name = Release;
		};
		CB607E0E242C8F63002DB7F0 /* Debug */ = {
			isa = XCBuildConfiguration;
			baseConfigurationReference = 88B6A93C28275129D3D99561 /* Pods-SciChartTest.debug.xcconfig */;
			buildSettings = {
				ASSETCATALOG_COMPILER_APPICON_NAME = AppIcon;
				CODE_SIGN_STYLE = Automatic;
				DEVELOPMENT_TEAM = "";
				INFOPLIST_FILE = SciChartTest/Resources/Info.plist;
				IPHONEOS_DEPLOYMENT_TARGET = 11.0;
				LD_RUNPATH_SEARCH_PATHS = (
					"$(inherited)",
					"@executable_path/Frameworks",
				);
				PRODUCT_BUNDLE_IDENTIFIER = com.sciChartTest;
				PRODUCT_NAME = "$(TARGET_NAME)";
				SWIFT_OBJC_BRIDGING_HEADER = "SciChartTest/Resources/Bridging-Header.h";
				SWIFT_VERSION = 5.0;
				TARGETED_DEVICE_FAMILY = "1,2";
			};
			name = Debug;
		};
		CB607E0F242C8F63002DB7F0 /* Release */ = {
			isa = XCBuildConfiguration;
			baseConfigurationReference = 4C0F9C993237144F9965EE69 /* Pods-SciChartTest.release.xcconfig */;
			buildSettings = {
				ASSETCATALOG_COMPILER_APPICON_NAME = AppIcon;
				CODE_SIGN_STYLE = Automatic;
				DEVELOPMENT_TEAM = "";
				INFOPLIST_FILE = SciChartTest/Resources/Info.plist;
				IPHONEOS_DEPLOYMENT_TARGET = 11.0;
				LD_RUNPATH_SEARCH_PATHS = (
					"$(inherited)",
					"@executable_path/Frameworks",
				);
				PRODUCT_BUNDLE_IDENTIFIER = com.sciChartTest;
				PRODUCT_NAME = "$(TARGET_NAME)";
				SWIFT_OBJC_BRIDGING_HEADER = "SciChartTest/Resources/Bridging-Header.h";
				SWIFT_VERSION = 5.0;
				TARGETED_DEVICE_FAMILY = "1,2";
			};
			name = Release;
		};
/* End XCBuildConfiguration section */

/* Begin XCConfigurationList section */
		CB607DF4242C8F62002DB7F0 /* Build configuration list for PBXProject "SciChartTest" */ = {
			isa = XCConfigurationList;
			buildConfigurations = (
				CB607E0B242C8F63002DB7F0 /* Debug */,
				CB607E0C242C8F63002DB7F0 /* Release */,
			);
			defaultConfigurationIsVisible = 0;
			defaultConfigurationName = Release;
		};
		CB607E0D242C8F63002DB7F0 /* Build configuration list for PBXNativeTarget "SciChartTest" */ = {
			isa = XCConfigurationList;
			buildConfigurations = (
				CB607E0E242C8F63002DB7F0 /* Debug */,
				CB607E0F242C8F63002DB7F0 /* Release */,
			);
			defaultConfigurationIsVisible = 0;
			defaultConfigurationName = Release;
		};
/* End XCConfigurationList section */
	};
	rootObject = CB607DF1242C8F62002DB7F0 /* Project object */;
}
